// !$*UTF8*$!
{
	archiveVersion = 1;
	classes = {
	};
	objectVersion = 46;
	objects = {

/* Begin PBXBuildFile section */
		B05962FB18006FB8001DDE20 /* Foundation.framework in Frameworks */ = {isa = PBXBuildFile; fileRef = B05962FA18006FB8001DDE20 /* Foundation.framework */; };
		B05962FD18006FB8001DDE20 /* CoreGraphics.framework in Frameworks */ = {isa = PBXBuildFile; fileRef = B05962FC18006FB8001DDE20 /* CoreGraphics.framework */; };
		B05962FF18006FB8001DDE20 /* UIKit.framework in Frameworks */ = {isa = PBXBuildFile; fileRef = B05962FE18006FB8001DDE20 /* UIKit.framework */; };
		B059630518006FB8001DDE20 /* InfoPlist.strings in Resources */ = {isa = PBXBuildFile; fileRef = B059630318006FB8001DDE20 /* InfoPlist.strings */; };
		B059630718006FB8001DDE20 /* main.m in Sources */ = {isa = PBXBuildFile; fileRef = B059630618006FB8001DDE20 /* main.m */; };
		B059630B18006FB8001DDE20 /* AppDelegate.m in Sources */ = {isa = PBXBuildFile; fileRef = B059630A18006FB8001DDE20 /* AppDelegate.m */; };
		B059630E18006FB8001DDE20 /* Main.storyboard in Resources */ = {isa = PBXBuildFile; fileRef = B059630C18006FB8001DDE20 /* Main.storyboard */; };
		B059631118006FB8001DDE20 /* ViewController.m in Sources */ = {isa = PBXBuildFile; fileRef = B059631018006FB8001DDE20 /* ViewController.m */; };
		B059631318006FB8001DDE20 /* Images.xcassets in Resources */ = {isa = PBXBuildFile; fileRef = B059631218006FB8001DDE20 /* Images.xcassets */; };
		B059631A18006FB8001DDE20 /* XCTest.framework in Frameworks */ = {isa = PBXBuildFile; fileRef = B059631918006FB8001DDE20 /* XCTest.framework */; };
		B059631B18006FB8001DDE20 /* Foundation.framework in Frameworks */ = {isa = PBXBuildFile; fileRef = B05962FA18006FB8001DDE20 /* Foundation.framework */; };
		B059631C18006FB8001DDE20 /* UIKit.framework in Frameworks */ = {isa = PBXBuildFile; fileRef = B05962FE18006FB8001DDE20 /* UIKit.framework */; };
		B059632418006FB8001DDE20 /* InfoPlist.strings in Resources */ = {isa = PBXBuildFile; fileRef = B059632218006FB8001DDE20 /* InfoPlist.strings */; };
		B059632618006FB8001DDE20 /* UISliderTests.m in Sources */ = {isa = PBXBuildFile; fileRef = B059632518006FB8001DDE20 /* UISliderTests.m */; };
/* End PBXBuildFile section */

/* Begin PBXContainerItemProxy section */
		B059631D18006FB8001DDE20 /* PBXContainerItemProxy */ = {
			isa = PBXContainerItemProxy;
			containerPortal = B05962EF18006FB8001DDE20 /* Project object */;
			proxyType = 1;
			remoteGlobalIDString = B05962F618006FB8001DDE20;
			remoteInfo = UISlider;
		};
/* End PBXContainerItemProxy section */

/* Begin PBXFileReference section */
		B05962F718006FB8001DDE20 /* UISlider.app */ = {isa = PBXFileReference; explicitFileType = wrapper.application; includeInIndex = 0; path = UISlider.app; sourceTree = BUILT_PRODUCTS_DIR; };
		B05962FA18006FB8001DDE20 /* Foundation.framework */ = {isa = PBXFileReference; lastKnownFileType = wrapper.framework; name = Foundation.framework; path = System/Library/Frameworks/Foundation.framework; sourceTree = SDKROOT; };
		B05962FC18006FB8001DDE20 /* CoreGraphics.framework */ = {isa = PBXFileReference; lastKnownFileType = wrapper.framework; name = CoreGraphics.framework; path = System/Library/Frameworks/CoreGraphics.framework; sourceTree = SDKROOT; };
		B05962FE18006FB8001DDE20 /* UIKit.framework */ = {isa = PBXFileReference; lastKnownFileType = wrapper.framework; name = UIKit.framework; path = System/Library/Frameworks/UIKit.framework; sourceTree = SDKROOT; };
		B059630218006FB8001DDE20 /* UISlider-Info.plist */ = {isa = PBXFileReference; lastKnownFileType = text.plist.xml; path = "UISlider-Info.plist"; sourceTree = "<group>"; };
		B059630418006FB8001DDE20 /* en */ = {isa = PBXFileReference; lastKnownFileType = text.plist.strings; name = en; path = en.lproj/InfoPlist.strings; sourceTree = "<group>"; };
		B059630618006FB8001DDE20 /* main.m */ = {isa = PBXFileReference; lastKnownFileType = sourcecode.c.objc; path = main.m; sourceTree = "<group>"; };
		B059630818006FB8001DDE20 /* UISlider-Prefix.pch */ = {isa = PBXFileReference; lastKnownFileType = sourcecode.c.h; path = "UISlider-Prefix.pch"; sourceTree = "<group>"; };
		B059630918006FB8001DDE20 /* AppDelegate.h */ = {isa = PBXFileReference; lastKnownFileType = sourcecode.c.h; path = AppDelegate.h; sourceTree = "<group>"; };
		B059630A18006FB8001DDE20 /* AppDelegate.m */ = {isa = PBXFileReference; lastKnownFileType = sourcecode.c.objc; path = AppDelegate.m; sourceTree = "<group>"; };
		B059630D18006FB8001DDE20 /* Base */ = {isa = PBXFileReference; lastKnownFileType = file.storyboard; name = Base; path = Base.lproj/Main.storyboard; sourceTree = "<group>"; };
		B059630F18006FB8001DDE20 /* ViewController.h */ = {isa = PBXFileReference; lastKnownFileType = sourcecode.c.h; path = ViewController.h; sourceTree = "<group>"; };
		B059631018006FB8001DDE20 /* ViewController.m */ = {isa = PBXFileReference; lastKnownFileType = sourcecode.c.objc; path = ViewController.m; sourceTree = "<group>"; };
		B059631218006FB8001DDE20 /* Images.xcassets */ = {isa = PBXFileReference; lastKnownFileType = folder.assetcatalog; path = Images.xcassets; sourceTree = "<group>"; };
		B059631818006FB8001DDE20 /* UISliderTests.xctest */ = {isa = PBXFileReference; explicitFileType = wrapper.cfbundle; includeInIndex = 0; path = UISliderTests.xctest; sourceTree = BUILT_PRODUCTS_DIR; };
		B059631918006FB8001DDE20 /* XCTest.framework */ = {isa = PBXFileReference; lastKnownFileType = wrapper.framework; name = XCTest.framework; path = Library/Frameworks/XCTest.framework; sourceTree = DEVELOPER_DIR; };
		B059632118006FB8001DDE20 /* UISliderTests-Info.plist */ = {isa = PBXFileReference; lastKnownFileType = text.plist.xml; path = "UISliderTests-Info.plist"; sourceTree = "<group>"; };
		B059632318006FB8001DDE20 /* en */ = {isa = PBXFileReference; lastKnownFileType = text.plist.strings; name = en; path = en.lproj/InfoPlist.strings; sourceTree = "<group>"; };
		B059632518006FB8001DDE20 /* UISliderTests.m */ = {isa = PBXFileReference; lastKnownFileType = sourcecode.c.objc; path = UISliderTests.m; sourceTree = "<group>"; };
/* End PBXFileReference section */

/* Begin PBXFrameworksBuildPhase section */
		B05962F418006FB8001DDE20 /* Frameworks */ = {
			isa = PBXFrameworksBuildPhase;
			buildActionMask = 2147483647;
			files = (
				B05962FD18006FB8001DDE20 /* CoreGraphics.framework in Frameworks */,
				B05962FF18006FB8001DDE20 /* UIKit.framework in Frameworks */,
				B05962FB18006FB8001DDE20 /* Foundation.framework in Frameworks */,
			);
			runOnlyForDeploymentPostprocessing = 0;
		};
		B059631518006FB8001DDE20 /* Frameworks */ = {
			isa = PBXFrameworksBuildPhase;
			buildActionMask = 2147483647;
			files = (
				B059631A18006FB8001DDE20 /* XCTest.framework in Frameworks */,
				B059631C18006FB8001DDE20 /* UIKit.framework in Frameworks */,
				B059631B18006FB8001DDE20 /* Foundation.framework in Frameworks */,
			);
			runOnlyForDeploymentPostprocessing = 0;
		};
/* End PBXFrameworksBuildPhase section */

/* Begin PBXGroup section */
		B05962EE18006FB8001DDE20 = {
			isa = PBXGroup;
			children = (
				B059630018006FB8001DDE20 /* UISlider */,
				B059631F18006FB8001DDE20 /* UISliderTests */,
				B05962F918006FB8001DDE20 /* Frameworks */,
				B05962F818006FB8001DDE20 /* Products */,
			);
			sourceTree = "<group>";
		};
		B05962F818006FB8001DDE20 /* Products */ = {
			isa = PBXGroup;
			children = (
				B05962F718006FB8001DDE20 /* UISlider.app */,
				B059631818006FB8001DDE20 /* UISliderTests.xctest */,
			);
			name = Products;
			sourceTree = "<group>";
		};
		B05962F918006FB8001DDE20 /* Frameworks */ = {
			isa = PBXGroup;
			children = (
				B05962FA18006FB8001DDE20 /* Foundation.framework */,
				B05962FC18006FB8001DDE20 /* CoreGraphics.framework */,
				B05962FE18006FB8001DDE20 /* UIKit.framework */,
				B059631918006FB8001DDE20 /* XCTest.framework */,
			);
			name = Frameworks;
			sourceTree = "<group>";
		};
		B059630018006FB8001DDE20 /* UISlider */ = {
			isa = PBXGroup;
			children = (
				B059630918006FB8001DDE20 /* AppDelegate.h */,
				B059630A18006FB8001DDE20 /* AppDelegate.m */,
				B059630C18006FB8001DDE20 /* Main.storyboard */,
				B059630F18006FB8001DDE20 /* ViewController.h */,
				B059631018006FB8001DDE20 /* ViewController.m */,
				B059631218006FB8001DDE20 /* Images.xcassets */,
				B059630118006FB8001DDE20 /* Supporting Files */,
			);
			path = UISlider;
			sourceTree = "<group>";
		};
		B059630118006FB8001DDE20 /* Supporting Files */ = {
			isa = PBXGroup;
			children = (
				B059630218006FB8001DDE20 /* UISlider-Info.plist */,
				B059630318006FB8001DDE20 /* InfoPlist.strings */,
				B059630618006FB8001DDE20 /* main.m */,
				B059630818006FB8001DDE20 /* UISlider-Prefix.pch */,
			);
			name = "Supporting Files";
			sourceTree = "<group>";
		};
		B059631F18006FB8001DDE20 /* UISliderTests */ = {
			isa = PBXGroup;
			children = (
				B059632518006FB8001DDE20 /* UISliderTests.m */,
				B059632018006FB8001DDE20 /* Supporting Files */,
			);
			path = UISliderTests;
			sourceTree = "<group>";
		};
		B059632018006FB8001DDE20 /* Supporting Files */ = {
			isa = PBXGroup;
			children = (
				B059632118006FB8001DDE20 /* UISliderTests-Info.plist */,
				B059632218006FB8001DDE20 /* InfoPlist.strings */,
			);
			name = "Supporting Files";
			sourceTree = "<group>";
		};
/* End PBXGroup section */

/* Begin PBXNativeTarget section */
		B05962F618006FB8001DDE20 /* UISlider */ = {
			isa = PBXNativeTarget;
			buildConfigurationList = B059632918006FB8001DDE20 /* Build configuration list for PBXNativeTarget "UISlider" */;
			buildPhases = (
				B05962F318006FB8001DDE20 /* Sources */,
				B05962F418006FB8001DDE20 /* Frameworks */,
				B05962F518006FB8001DDE20 /* Resources */,
			);
			buildRules = (
			);
			dependencies = (
			);
			name = UISlider;
			productName = UISlider;
			productReference = B05962F718006FB8001DDE20 /* UISlider.app */;
			productType = "com.apple.product-type.application";
		};
		B059631718006FB8001DDE20 /* UISliderTests */ = {
			isa = PBXNativeTarget;
			buildConfigurationList = B059632C18006FB8001DDE20 /* Build configuration list for PBXNativeTarget "UISliderTests" */;
			buildPhases = (
				B059631418006FB8001DDE20 /* Sources */,
				B059631518006FB8001DDE20 /* Frameworks */,
				B059631618006FB8001DDE20 /* Resources */,
			);
			buildRules = (
			);
			dependencies = (
				B059631E18006FB8001DDE20 /* PBXTargetDependency */,
			);
			name = UISliderTests;
			productName = UISliderTests;
			productReference = B059631818006FB8001DDE20 /* UISliderTests.xctest */;
			productType = "com.apple.product-type.bundle.unit-test";
		};
/* End PBXNativeTarget section */

/* Begin PBXProject section */
		B05962EF18006FB8001DDE20 /* Project object */ = {
			isa = PBXProject;
			attributes = {
				LastUpgradeCheck = 0500;
				ORGANIZATIONNAME = navzou;
				TargetAttributes = {
					B059631718006FB8001DDE20 = {
						TestTargetID = B05962F618006FB8001DDE20;
					};
				};
			};
			buildConfigurationList = B05962F218006FB8001DDE20 /* Build configuration list for PBXProject "UISlider" */;
			compatibilityVersion = "Xcode 3.2";
			developmentRegion = English;
			hasScannedForEncodings = 0;
			knownRegions = (
				en,
				Base,
			);
			mainGroup = B05962EE18006FB8001DDE20;
			productRefGroup = B05962F818006FB8001DDE20 /* Products */;
			projectDirPath = "";
			projectRoot = "";
			targets = (
				B05962F618006FB8001DDE20 /* UISlider */,
				B059631718006FB8001DDE20 /* UISliderTests */,
			);
		};
/* End PBXProject section */

/* Begin PBXResourcesBuildPhase section */
		B05962F518006FB8001DDE20 /* Resources */ = {
			isa = PBXResourcesBuildPhase;
			buildActionMask = 2147483647;
			files = (
				B059631318006FB8001DDE20 /* Images.xcassets in Resources */,
				B059630518006FB8001DDE20 /* InfoPlist.strings in Resources */,
				B059630E18006FB8001DDE20 /* Main.storyboard in Resources */,
			);
			runOnlyForDeploymentPostprocessing = 0;
		};
		B059631618006FB8001DDE20 /* Resources */ = {
			isa = PBXResourcesBuildPhase;
			buildActionMask = 2147483647;
			files = (
				B059632418006FB8001DDE20 /* InfoPlist.strings in Resources */,
			);
			runOnlyForDeploymentPostprocessing = 0;
		};
/* End PBXResourcesBuildPhase section */

/* Begin PBXSourcesBuildPhase section */
		B05962F318006FB8001DDE20 /* Sources */ = {
			isa = PBXSourcesBuildPhase;
			buildActionMask = 2147483647;
			files = (
				B059631118006FB8001DDE20 /* ViewController.m in Sources */,
				B059630B18006FB8001DDE20 /* AppDelegate.m in Sources */,
				B059630718006FB8001DDE20 /* main.m in Sources */,
			);
			runOnlyForDeploymentPostprocessing = 0;
		};
		B059631418006FB8001DDE20 /* Sources */ = {
			isa = PBXSourcesBuildPhase;
			buildActionMask = 2147483647;
			files = (
				B059632618006FB8001DDE20 /* UISliderTests.m in Sources */,
			);
			runOnlyForDeploymentPostprocessing = 0;
		};
/* End PBXSourcesBuildPhase section */

/* Begin PBXTargetDependency section */
		B059631E18006FB8001DDE20 /* PBXTargetDependency */ = {
			isa = PBXTargetDependency;
			target = B05962F618006FB8001DDE20 /* UISlider */;
			targetProxy = B059631D18006FB8001DDE20 /* PBXContainerItemProxy */;
		};
/* End PBXTargetDependency section */

/* Begin PBXVariantGroup section */
		B059630318006FB8001DDE20 /* InfoPlist.strings */ = {
			isa = PBXVariantGroup;
			children = (
				B059630418006FB8001DDE20 /* en */,
			);
			name = InfoPlist.strings;
			sourceTree = "<group>";
		};
		B059630C18006FB8001DDE20 /* Main.storyboard */ = {
			isa = PBXVariantGroup;
			children = (
				B059630D18006FB8001DDE20 /* Base */,
			);
			name = Main.storyboard;
			sourceTree = "<group>";
		};
		B059632218006FB8001DDE20 /* InfoPlist.strings */ = {
			isa = PBXVariantGroup;
			children = (
				B059632318006FB8001DDE20 /* en */,
			);
			name = InfoPlist.strings;
			sourceTree = "<group>";
		};
/* End PBXVariantGroup section */

/* Begin XCBuildConfiguration section */
		B059632718006FB8001DDE20 /* Debug */ = {
			isa = XCBuildConfiguration;
			buildSettings = {
				ALWAYS_SEARCH_USER_PATHS = NO;
				ARCHS = "$(ARCHS_STANDARD_INCLUDING_64_BIT)";
				CLANG_CXX_LANGUAGE_STANDARD = "gnu++0x";
				CLANG_CXX_LIBRARY = "libc++";
				CLANG_ENABLE_MODULES = YES;
				CLANG_ENABLE_OBJC_ARC = YES;
				CLANG_WARN_BOOL_CONVERSION = YES;
				CLANG_WARN_CONSTANT_CONVERSION = YES;
				CLANG_WARN_DIRECT_OBJC_ISA_USAGE = YES_ERROR;
				CLANG_WARN_EMPTY_BODY = YES;
				CLANG_WARN_ENUM_CONVERSION = YES;
				CLANG_WARN_INT_CONVERSION = YES;
				CLANG_WARN_OBJC_ROOT_CLASS = YES_ERROR;
				CLANG_WARN__DUPLICATE_METHOD_MATCH = YES;
				"CODE_SIGN_IDENTITY[sdk=iphoneos*]" = "iPhone Developer";
				COPY_PHASE_STRIP = NO;
				GCC_C_LANGUAGE_STANDARD = gnu99;
				GCC_DYNAMIC_NO_PIC = NO;
				GCC_OPTIMIZATION_LEVEL = 0;
				GCC_PREPROCESSOR_DEFINITIONS = (
					"DEBUG=1",
					"$(inherited)",
				);
				GCC_SYMBOLS_PRIVATE_EXTERN = NO;
				GCC_WARN_64_TO_32_BIT_CONVERSION = YES;
				GCC_WARN_ABOUT_RETURN_TYPE = YES_ERROR;
				GCC_WARN_UNDECLARED_SELECTOR = YES;
				GCC_WARN_UNINITIALIZED_AUTOS = YES;
				GCC_WARN_UNUSED_FUNCTION = YES;
				GCC_WARN_UNUSED_VARIABLE = YES;
				IPHONEOS_DEPLOYMENT_TARGET = 7.0;
				ONLY_ACTIVE_ARCH = YES;
				SDKROOT = iphoneos;
			};
			name = Debug;
		};
		B059632818006FB8001DDE20 /* Release */ = {
			isa = XCBuildConfiguration;
			buildSettings = {
				ALWAYS_SEARCH_USER_PATHS = NO;
				ARCHS = "$(ARCHS_STANDARD_INCLUDING_64_BIT)";
				CLANG_CXX_LANGUAGE_STANDARD = "gnu++0x";
				CLANG_CXX_LIBRARY = "libc++";
				CLANG_ENABLE_MODULES = YES;
				CLANG_ENABLE_OBJC_ARC = YES;
				CLANG_WARN_BOOL_CONVERSION = YES;
				CLANG_WARN_CONSTANT_CONVERSION = YES;
				CLANG_WARN_DIRECT_OBJC_ISA_USAGE = YES_ERROR;
				CLANG_WARN_EMPTY_BODY = YES;
				CLANG_WARN_ENUM_CONVERSION = YES;
				CLANG_WARN_INT_CONVERSION = YES;
				CLANG_WARN_OBJC_ROOT_CLASS = YES_ERROR;
				CLANG_WARN__DUPLICATE_METHOD_MATCH = YES;
				"CODE_SIGN_IDENTITY[sdk=iphoneos*]" = "iPhone Developer";
				COPY_PHASE_STRIP = YES;
				ENABLE_NS_ASSERTIONS = NO;
				GCC_C_LANGUAGE_STANDARD = gnu99;
				GCC_WARN_64_TO_32_BIT_CONVERSION = YES;
				GCC_WARN_ABOUT_RETURN_TYPE = YES_ERROR;
				GCC_WARN_UNDECLARED_SELECTOR = YES;
				GCC_WARN_UNINITIALIZED_AUTOS = YES;
				GCC_WARN_UNUSED_FUNCTION = YES;
				GCC_WARN_UNUSED_VARIABLE = YES;
				IPHONEOS_DEPLOYMENT_TARGET = 7.0;
				SDKROOT = iphoneos;
				VALIDATE_PRODUCT = YES;
			};
			name = Release;
		};
		B059632A18006FB8001DDE20 /* Debug */ = {
			isa = XCBuildConfiguration;
			buildSettings = {
				ASSETCATALOG_COMPILER_APPICON_NAME = AppIcon;
				ASSETCATALOG_COMPILER_LAUNCHIMAGE_NAME = LaunchImage;
				GCC_PRECOMPILE_PREFIX_HEADER = YES;
				GCC_PREFIX_HEADER = "UISlider/UISlider-Prefix.pch";
				INFOPLIST_FILE = "UISlider/UISlider-Info.plist";
				PRODUCT_NAME = "$(TARGET_NAME)";
				WRAPPER_EXTENSION = app;
			};
			name = Debug;
		};
		B059632B18006FB8001DDE20 /* Release */ = {
			isa = XCBuildConfiguration;
			buildSettings = {
				ASSETCATALOG_COMPILER_APPICON_NAME = AppIcon;
				ASSETCATALOG_COMPILER_LAUNCHIMAGE_NAME = LaunchImage;
				GCC_PRECOMPILE_PREFIX_HEADER = YES;
				GCC_PREFIX_HEADER = "UISlider/UISlider-Prefix.pch";
				INFOPLIST_FILE = "UISlider/UISlider-Info.plist";
				PRODUCT_NAME = "$(TARGET_NAME)";
				WRAPPER_EXTENSION = app;
			};
			name = Release;
		};
		B059632D18006FB8001DDE20 /* Debug */ = {
			isa = XCBuildConfiguration;
			buildSettings = {
				ARCHS = "$(ARCHS_STANDARD_INCLUDING_64_BIT)";
				BUNDLE_LOADER = "$(BUILT_PRODUCTS_DIR)/UISlider.app/UISlider";
				FRAMEWORK_SEARCH_PATHS = (
					"$(SDKROOT)/Developer/Library/Frameworks",
					"$(inherited)",
					"$(DEVELOPER_FRAMEWORKS_DIR)",
				);
				GCC_PRECOMPILE_PREFIX_HEADER = YES;
				GCC_PREFIX_HEADER = "UISlider/UISlider-Prefix.pch";
				GCC_PREPROCESSOR_DEFINITIONS = (
					"DEBUG=1",
					"$(inherited)",
				);
				INFOPLIST_FILE = "UISliderTests/UISliderTests-Info.plist";
				PRODUCT_NAME = "$(TARGET_NAME)";
				TEST_HOST = "$(BUNDLE_LOADER)";
				WRAPPER_EXTENSION = xctest;
			};
			name = Debug;
		};
		B059632E18006FB8001DDE20 /* Release */ = {
			isa = XCBuildConfiguration;
			buildSettings = {
				ARCHS = "$(ARCHS_STANDARD_INCLUDING_64_BIT)";
				BUNDLE_LOADER = "$(BUILT_PRODUCTS_DIR)/UISlider.app/UISlider";
				FRAMEWORK_SEARCH_PATHS = (
					"$(SDKROOT)/Developer/Library/Frameworks",
					"$(inherited)",
					"$(DEVELOPER_FRAMEWORKS_DIR)",
				);
				GCC_PRECOMPILE_PREFIX_HEADER = YES;
				GCC_PREFIX_HEADER = "UISlider/UISlider-Prefix.pch";
				INFOPLIST_FILE = "UISliderTests/UISliderTests-Info.plist";
				PRODUCT_NAME = "$(TARGET_NAME)";
				TEST_HOST = "$(BUNDLE_LOADER)";
				WRAPPER_EXTENSION = xctest;
			};
			name = Release;
		};
/* End XCBuildConfiguration section */

/* Begin XCConfigurationList section */
		B05962F218006FB8001DDE20 /* Build configuration list for PBXProject "UISlider" */ = {
			isa = XCConfigurationList;
			buildConfigurations = (
				B059632718006FB8001DDE20 /* Debug */,
				B059632818006FB8001DDE20 /* Release */,
			);
			defaultConfigurationIsVisible = 0;
			defaultConfigurationName = Release;
		};
		B059632918006FB8001DDE20 /* Build configuration list for PBXNativeTarget "UISlider" */ = {
			isa = XCConfigurationList;
			buildConfigurations = (
				B059632A18006FB8001DDE20 /* Debug */,
				B059632B18006FB8001DDE20 /* Release */,
			);
			defaultConfigurationIsVisible = 0;
		};
		B059632C18006FB8001DDE20 /* Build configuration list for PBXNativeTarget "UISliderTests" */ = {
			isa = XCConfigurationList;
			buildConfigurations = (
				B059632D18006FB8001DDE20 /* Debug */,
				B059632E18006FB8001DDE20 /* Release */,
			);
			defaultConfigurationIsVisible = 0;
		};
/* End XCConfigurationList section */
	};
	rootObject = B05962EF18006FB8001DDE20 /* Project object */;
}
